PODS:
  - FlutterMacOS (1.0.0)
  - quick_blue_macos (0.0.1):
    - FlutterMacOS

DEPENDENCIES:
  - FlutterMacOS (from `Flutter/ephemeral`)
  - quick_blue_macos (from `Flutter/ephemeral/.symlinks/plugins/quick_blue_macos/macos`)

EXTERNAL SOURCES:
  FlutterMacOS:
    :path: Flutter/ephemeral
  quick_blue_macos:
    :path: Flutter/ephemeral/.symlinks/plugins/quick_blue_macos/macos

SPEC CHECKSUMS:
  FlutterMacOS: ae6af50a8ea7d6103d888583d46bd8328a7e9811
  quick_blue_macos: b7808bfaa3524fbf1edbba0d8b080908299c3541

PODFILE CHECKSUM: a884f6dd3f7494f3892ee6c81feea3a3abbf9153

COCOAPODS: 1.11.3
